PackratFormat: 1.4
PackratVersion: 0.5.0
RVersion: 3.6.1
Repos: CRAN=https://cloud.r-project.org

Package: R6
Source: CRAN
Version: 2.4.1
Hash: b488861d8c3dfac497e041ec911df9fb

Package: Rcpp
Source: CRAN
Version: 1.0.3
Hash: 99f6a1855b2f9434e1399d565d2ed9df

Package: RcppArmadillo
Source: CRAN
Version: 0.9.800.4.0
Hash: 0c36597eece1763d4cd73b6334bd3e70
Requires: Rcpp

Package: base64enc
Source: CRAN
Version: 0.1-3
Hash: c590d29e555926af053055e23ee79efb

Package: crayon
Source: CRAN
Version: 1.3.4
Hash: ff2840dd9b0d563fc80377a5a45510cd

Package: digest
Source: CRAN
Version: 0.6.23
Hash: 7ec748e53ca45166e0824224421529ad

Package: ellipsis
Source: CRAN
Version: 0.3.0
Hash: 30b58109e4d7c6184a9c2e32f9ae38c6
Requires: rlang

Package: evaluate
Source: CRAN
Version: 0.14
Hash: 18306cc3bc1aec7b7360eea8a0eb0ee1

Package: glue
Source: CRAN
Version: 1.3.1
Hash: 660bbbe3803c7cf7c9489a7d99a9c0ed

Package: highr
Source: CRAN
Version: 0.8
Hash: 16aa2cc98d7b68c9d148c263c8dcdbcd

Package: hms
Source: CRAN
Version: 0.5.3
Hash: a0709e1b17b4bc1c27f5235177543e07
Requires: pkgconfig, rlang, vctrs

Package: htmltools
Source: CRAN
Version: 0.4.0
Hash: ede066c0aec518db9acda803c6b94503
Requires: Rcpp, digest, rlang

Package: jsonlite
Source: CRAN
Version: 1.6
Hash: 5f969e213e966135393e3e304abf3f49

Package: knitr
Source: CRAN
Version: 1.27
Hash: f451a064840eb0541822be053c497d17
Requires: evaluate, highr, markdown, stringr, xfun, yaml

Package: magrittr
Source: CRAN
Version: 1.5
Hash: bdc4d48c3135e8f3b399536ddf160df4

Package: markdown
Source: CRAN
Version: 1.1
Hash: 1b6a18fd395589425e338a47b999099f
Requires: mime, xfun

Package: mime
Source: CRAN
Version: 0.8
Hash: e4b20f5b8c6b3563adb7e914a52b6400

Package: owl
Source: github
Version: 0.1.1
Hash: e230751195a3aa2ac2bedbdfb4f10027
Requires: Rcpp, RcppArmadillo
GithubRepo: owl
GithubUsername: jolars
GithubRef: master
GithubSha1: 40113deaad454a996e5d8a9d5c41d7c56b0e8dfa
RemoteHost: api.github.com
RemoteRepo: owl
RemoteUsername: jolars
RemoteRef: master
RemoteSha: 40113deaad454a996e5d8a9d5c41d7c56b0e8dfa

Package: packrat
Source: CRAN
Version: 0.5.0
Hash: 498643e765d1442ba7b1160a1df3abf9

Package: pkgconfig
Source: CRAN
Version: 2.0.3
Hash: 5ff5f2361851a49534c96caa2a8071c7

Package: prettyunits
Source: CRAN
Version: 1.1.1
Hash: 20669cd8bb8b3207f6371edf8cf510af

Package: progress
Source: CRAN
Version: 1.2.2
Hash: 209280eb751acf5899f7c69366e14bd3
Requires: R6, crayon, hms, prettyunits

Package: rdatasets
Source: github
Version: 0.0.0.9000
Hash: 188f59c3b99011ca53d250c358956da5
GithubRepo: rdatasets
GithubUsername: jolars
GithubRef: master
GithubSha1: 96d6d450dab5765e245cb0cdc2bf1ccf37d45772
RemoteHost: api.github.com
RemoteRepo: rdatasets
RemoteUsername: jolars
RemoteRef: master
RemoteSha: 96d6d450dab5765e245cb0cdc2bf1ccf37d45772

Package: rlang
Source: CRAN
Version: 0.4.4
Hash: 4b627f82e4297bd5bf82a5cb065bbe4a

Package: rmarkdown
Source: CRAN
Version: 2.1
Hash: 8693e30146ce847a75c5eeff9a42b0d9
Requires: base64enc, evaluate, htmltools, jsonlite, knitr, mime,
    stringr, tinytex, xfun, yaml

Package: stringi
Source: CRAN
Version: 1.4.5
Hash: 88ba531dfcddc90c6b6b87e97a44aeb6

Package: stringr
Source: CRAN
Version: 1.4.0
Hash: 67da32dbb2a7a16f2ef124336358e54a
Requires: glue, magrittr, stringi

Package: tinytex
Source: CRAN
Version: 0.19
Hash: 226b8679e3240c19c1a9da43e595a07b
Requires: xfun

Package: vctrs
Source: CRAN
Version: 0.2.2
Hash: 6a0e82b8dac8abd93ea0ce8adc996986
Requires: digest, ellipsis, glue, rlang

Package: xfun
Source: CRAN
Version: 0.12
Hash: 1c81f85035dee1e1bf48e09a57928c9b

Package: yaml
Source: CRAN
Version: 2.2.0
Hash: a5ad5616d83d89f8d84cbf3cf4034e13
